
Microsoft Visual Studio Solution File, Format Version 12.00
# Visual Studio Version 16
VisualStudioVersion = 16.0.30621.155
MinimumVisualStudioVersion = 10.0.40219.1
Project("{9A19103F-16F7-4668-BE54-9A1E7A4F7556}") = "DeviceClientStreamingSample", "DeviceStreamingSample\DeviceClientStreamingSample.csproj", "{912BBFCF-8B00-4EC8-9059-309C39B47435}"
EndProject
Global
	GlobalSection(SolutionConfigurationPlatforms) = preSolution
		Debug|Any CPU = Debug|Any CPU
		Release|Any CPU = Release|Any CPU
	EndGlobalSection
	GlobalSection(ProjectConfigurationPlatforms) = postSolution
		{912BBFCF-8B00-4EC8-9059-309C39B47435}.Debug|Any CPU.ActiveCfg = Debug|Any CPU
		{912BBFCF-8B00-4EC8-9059-309C39B47435}.Debug|Any CPU.Build.0 = Debug|Any CPU
		{912BBFCF-8B00-4EC8-9059-309C39B47435}.Release|Any CPU.ActiveCfg = Release|Any CPU
		{912BBFCF-8B00-4EC8-9059-309C39B47435}.Release|Any CPU.Build.0 = Release|Any CPU
	EndGlobalSection
	GlobalSection(SolutionProperties) = preSolution
		HideSolutionNode = FALSE
	EndGlobalSection
	GlobalSection(ExtensibilityGlobals) = postSolution
		SolutionGuid = {C7D763E3-E320-4086-81BE-BF3349BEB312}
	EndGlobalSection
EndGlobal
